
Microsoft Visual Studio Solution File, Format Version 12.00
# Visual Studio 15
VisualStudioVersion = 15.0.28010.2050
MinimumVisualStudioVersion = 10.0.40219.1
Project("{FAE04EC0-301F-11D3-BF4B-00C04F79EFBC}") = "SmartPong", "SmartPong\SmartPong.csproj", "{21E8A3F2-C089-4ED8-894A-2A82DE9CE52B}"
EndProject
Global
	GlobalSection(SolutionConfigurationPlatforms) = preSolution
		Debug|Any CPU = Debug|Any CPU
		Release|Any CPU = Release|Any CPU
	EndGlobalSection
	GlobalSection(ProjectConfigurationPlatforms) = postSolution
		{21E8A3F2-C089-4ED8-894A-2A82DE9CE52B}.Debug|Any CPU.ActiveCfg = Debug|Any CPU
		{21E8A3F2-C089-4ED8-894A-2A82DE9CE52B}.Debug|Any CPU.Build.0 = Debug|Any CPU
		{21E8A3F2-C089-4ED8-894A-2A82DE9CE52B}.Release|Any CPU.ActiveCfg = Release|Any CPU
		{21E8A3F2-C089-4ED8-894A-2A82DE9CE52B}.Release|Any CPU.Build.0 = Release|Any CPU
	EndGlobalSection
	GlobalSection(SolutionProperties) = preSolution
		HideSolutionNode = FALSE
	EndGlobalSection
	GlobalSection(ExtensibilityGlobals) = postSolution
		SolutionGuid = {E85B1293-E4ED-47BA-8556-7C5835FD4FE2}
	EndGlobalSection
EndGlobal
